// !$*UTF8*$!
{
	archiveVersion = 1;
	classes = {
	};
	objectVersion = 55;
	objects = {

/* Begin PBXBuildFile section */
		D19C231B27E9A030008515D2 /* AppDelegate.swift in Sources */ = {isa = PBXBuildFile; fileRef = D19C231A27E9A030008515D2 /* AppDelegate.swift */; };
		D19C231D27E9A030008515D2 /* SceneDelegate.swift in Sources */ = {isa = PBXBuildFile; fileRef = D19C231C27E9A030008515D2 /* SceneDelegate.swift */; };
		D19C231F27E9A030008515D2 /* SearchViewController.swift in Sources */ = {isa = PBXBuildFile; fileRef = D19C231E27E9A030008515D2 /* SearchViewController.swift */; };
		D19C232227E9A030008515D2 /* Search.storyboard in Resources */ = {isa = PBXBuildFile; fileRef = D19C232027E9A030008515D2 /* Search.storyboard */; };
		D19C232527E9A030008515D2 /* StreetBasketBallMatchingApp.xcdatamodeld in Sources */ = {isa = PBXBuildFile; fileRef = D19C232327E9A030008515D2 /* StreetBasketBallMatchingApp.xcdatamodeld */; };
		D19C232727E9A031008515D2 /* Assets.xcassets in Resources */ = {isa = PBXBuildFile; fileRef = D19C232627E9A031008515D2 /* Assets.xcassets */; };
		D19C232A27E9A031008515D2 /* LaunchScreen.storyboard in Resources */ = {isa = PBXBuildFile; fileRef = D19C232827E9A031008515D2 /* LaunchScreen.storyboard */; };
		D1D185AA27E9A29D006E3043 /* User.storyboard in Resources */ = {isa = PBXBuildFile; fileRef = D1D185A927E9A29D006E3043 /* User.storyboard */; };
		D1D185AC27E9A2D6006E3043 /* UserViewController.swift in Sources */ = {isa = PBXBuildFile; fileRef = D1D185AB27E9A2D6006E3043 /* UserViewController.swift */; };
		D1D185B127E9AFD2006E3043 /* StadiumViewCell.swift in Sources */ = {isa = PBXBuildFile; fileRef = D1D185B027E9AFD2006E3043 /* StadiumViewCell.swift */; };
/* End PBXBuildFile section */

/* Begin PBXFileReference section */
		D19C231727E9A030008515D2 /* StreetBasketBallMatchingApp.app */ = {isa = PBXFileReference; explicitFileType = wrapper.application; includeInIndex = 0; path = StreetBasketBallMatchingApp.app; sourceTree = BUILT_PRODUCTS_DIR; };
		D19C231A27E9A030008515D2 /* AppDelegate.swift */ = {isa = PBXFileReference; lastKnownFileType = sourcecode.swift; path = AppDelegate.swift; sourceTree = "<group>"; };
		D19C231C27E9A030008515D2 /* SceneDelegate.swift */ = {isa = PBXFileReference; lastKnownFileType = sourcecode.swift; path = SceneDelegate.swift; sourceTree = "<group>"; };
		D19C231E27E9A030008515D2 /* SearchViewController.swift */ = {isa = PBXFileReference; lastKnownFileType = sourcecode.swift; path = SearchViewController.swift; sourceTree = "<group>"; };
		D19C232127E9A030008515D2 /* Base */ = {isa = PBXFileReference; lastKnownFileType = file.storyboard; name = Base; path = Base.lproj/Search.storyboard; sourceTree = "<group>"; };
		D19C232427E9A030008515D2 /* StreetBasketBallMatchingApp.xcdatamodel */ = {isa = PBXFileReference; lastKnownFileType = wrapper.xcdatamodel; path = StreetBasketBallMatchingApp.xcdatamodel; sourceTree = "<group>"; };
		D19C232627E9A031008515D2 /* Assets.xcassets */ = {isa = PBXFileReference; lastKnownFileType = folder.assetcatalog; path = Assets.xcassets; sourceTree = "<group>"; };
		D19C232927E9A031008515D2 /* Base */ = {isa = PBXFileReference; lastKnownFileType = file.storyboard; name = Base; path = Base.lproj/LaunchScreen.storyboard; sourceTree = "<group>"; };
		D19C232B27E9A031008515D2 /* Info.plist */ = {isa = PBXFileReference; lastKnownFileType = text.plist.xml; path = Info.plist; sourceTree = "<group>"; };
		D1D185A927E9A29D006E3043 /* User.storyboard */ = {isa = PBXFileReference; lastKnownFileType = file.storyboard; path = User.storyboard; sourceTree = "<group>"; };
		D1D185AB27E9A2D6006E3043 /* UserViewController.swift */ = {isa = PBXFileReference; lastKnownFileType = sourcecode.swift; path = UserViewController.swift; sourceTree = "<group>"; };
		D1D185B027E9AFD2006E3043 /* StadiumViewCell.swift */ = {isa = PBXFileReference; lastKnownFileType = sourcecode.swift; path = StadiumViewCell.swift; sourceTree = "<group>"; };
/* End PBXFileReference section */

/* Begin PBXFrameworksBuildPhase section */
		D19C231427E9A030008515D2 /* Frameworks */ = {
			isa = PBXFrameworksBuildPhase;
			buildActionMask = 2147483647;
			files = (
			);
			runOnlyForDeploymentPostprocessing = 0;
		};
/* End PBXFrameworksBuildPhase section */

/* Begin PBXGroup section */
		D115D97D27E9A22D00CD11BD /* Search */ = {
			isa = PBXGroup;
			children = (
				D19C232027E9A030008515D2 /* Search.storyboard */,
				D19C231A27E9A030008515D2 /* AppDelegate.swift */,
				D19C231C27E9A030008515D2 /* SceneDelegate.swift */,
				D19C231E27E9A030008515D2 /* SearchViewController.swift */,
				D1D185B027E9AFD2006E3043 /* StadiumViewCell.swift */,
			);
			path = Search;
			sourceTree = "<group>";
		};
		D19C230E27E9A030008515D2 = {
			isa = PBXGroup;
			children = (
				D19C231927E9A030008515D2 /* StreetBasketBallMatchingApp */,
				D19C231827E9A030008515D2 /* Products */,
			);
			sourceTree = "<group>";
		};
		D19C231827E9A030008515D2 /* Products */ = {
			isa = PBXGroup;
			children = (
				D19C231727E9A030008515D2 /* StreetBasketBallMatchingApp.app */,
			);
			name = Products;
			sourceTree = "<group>";
		};
		D19C231927E9A030008515D2 /* StreetBasketBallMatchingApp */ = {
			isa = PBXGroup;
			children = (
				D115D97D27E9A22D00CD11BD /* Search */,
				D1D185A827E9A27B006E3043 /* User */,
				D1D185AD27E9A74A006E3043 /* Image */,
				D19C232627E9A031008515D2 /* Assets.xcassets */,
				D19C232827E9A031008515D2 /* LaunchScreen.storyboard */,
				D19C232B27E9A031008515D2 /* Info.plist */,
				D19C232327E9A030008515D2 /* StreetBasketBallMatchingApp.xcdatamodeld */,
			);
			path = StreetBasketBallMatchingApp;
			sourceTree = "<group>";
		};
		D1D185A827E9A27B006E3043 /* User */ = {
			isa = PBXGroup;
			children = (
				D1D185A927E9A29D006E3043 /* User.storyboard */,
				D1D185AB27E9A2D6006E3043 /* UserViewController.swift */,
			);
			path = User;
			sourceTree = "<group>";
		};
		D1D185AD27E9A74A006E3043 /* Image */ = {
			isa = PBXGroup;
			children = (
			);
			path = Image;
			sourceTree = "<group>";
		};
/* End PBXGroup section */

/* Begin PBXNativeTarget section */
		D19C231627E9A030008515D2 /* StreetBasketBallMatchingApp */ = {
			isa = PBXNativeTarget;
			buildConfigurationList = D19C232E27E9A031008515D2 /* Build configuration list for PBXNativeTarget "StreetBasketBallMatchingApp" */;
			buildPhases = (
				D19C231327E9A030008515D2 /* Sources */,
				D19C231427E9A030008515D2 /* Frameworks */,
				D19C231527E9A030008515D2 /* Resources */,
			);
			buildRules = (
			);
			dependencies = (
			);
			name = StreetBasketBallMatchingApp;
			productName = StreetBasketBallMatchingApp;
			productReference = D19C231727E9A030008515D2 /* StreetBasketBallMatchingApp.app */;
			productType = "com.apple.product-type.application";
		};
/* End PBXNativeTarget section */

/* Begin PBXProject section */
		D19C230F27E9A030008515D2 /* Project object */ = {
			isa = PBXProject;
			attributes = {
				BuildIndependentTargetsInParallel = 1;
				LastSwiftUpdateCheck = 1320;
				LastUpgradeCheck = 1320;
				TargetAttributes = {
					D19C231627E9A030008515D2 = {
						CreatedOnToolsVersion = 13.2.1;
					};
				};
			};
			buildConfigurationList = D19C231227E9A030008515D2 /* Build configuration list for PBXProject "StreetBasketBallMatchingApp" */;
			compatibilityVersion = "Xcode 13.0";
			developmentRegion = en;
			hasScannedForEncodings = 0;
			knownRegions = (
				en,
				Base,
			);
			mainGroup = D19C230E27E9A030008515D2;
			productRefGroup = D19C231827E9A030008515D2 /* Products */;
			projectDirPath = "";
			projectRoot = "";
			targets = (
				D19C231627E9A030008515D2 /* StreetBasketBallMatchingApp */,
			);
		};
/* End PBXProject section */

/* Begin PBXResourcesBuildPhase section */
		D19C231527E9A030008515D2 /* Resources */ = {
			isa = PBXResourcesBuildPhase;
			buildActionMask = 2147483647;
			files = (
				D19C232A27E9A031008515D2 /* LaunchScreen.storyboard in Resources */,
				D1D185AA27E9A29D006E3043 /* User.storyboard in Resources */,
				D19C232727E9A031008515D2 /* Assets.xcassets in Resources */,
				D19C232227E9A030008515D2 /* Search.storyboard in Resources */,
			);
			runOnlyForDeploymentPostprocessing = 0;
		};
/* End PBXResourcesBuildPhase section */

/* Begin PBXSourcesBuildPhase section */
		D19C231327E9A030008515D2 /* Sources */ = {
			isa = PBXSourcesBuildPhase;
			buildActionMask = 2147483647;
			files = (
				D19C232527E9A030008515D2 /* StreetBasketBallMatchingApp.xcdatamodeld in Sources */,
				D1D185AC27E9A2D6006E3043 /* UserViewController.swift in Sources */,
				D19C231F27E9A030008515D2 /* SearchViewController.swift in Sources */,
				D1D185B127E9AFD2006E3043 /* StadiumViewCell.swift in Sources */,
				D19C231B27E9A030008515D2 /* AppDelegate.swift in Sources */,
				D19C231D27E9A030008515D2 /* SceneDelegate.swift in Sources */,
			);
			runOnlyForDeploymentPostprocessing = 0;
		};
/* End PBXSourcesBuildPhase section */

/* Begin PBXVariantGroup section */
		D19C232027E9A030008515D2 /* Search.storyboard */ = {
			isa = PBXVariantGroup;
			children = (
				D19C232127E9A030008515D2 /* Base */,
			);
			name = Search.storyboard;
			sourceTree = "<group>";
		};
		D19C232827E9A031008515D2 /* LaunchScreen.storyboard */ = {
			isa = PBXVariantGroup;
			children = (
				D19C232927E9A031008515D2 /* Base */,
			);
			name = LaunchScreen.storyboard;
			sourceTree = "<group>";
		};
/* End PBXVariantGroup section */

/* Begin XCBuildConfiguration section */
		D19C232C27E9A031008515D2 /* Debug */ = {
			isa = XCBuildConfiguration;
			buildSettings = {
				ALWAYS_SEARCH_USER_PATHS = NO;
				CLANG_ANALYZER_NONNULL = YES;
				CLANG_ANALYZER_NUMBER_OBJECT_CONVERSION = YES_AGGRESSIVE;
				CLANG_CXX_LANGUAGE_STANDARD = "gnu++17";
				CLANG_CXX_LIBRARY = "libc++";
				CLANG_ENABLE_MODULES = YES;
				CLANG_ENABLE_OBJC_ARC = YES;
				CLANG_ENABLE_OBJC_WEAK = YES;
				CLANG_WARN_BLOCK_CAPTURE_AUTORELEASING = YES;
				CLANG_WARN_BOOL_CONVERSION = YES;
				CLANG_WARN_COMMA = YES;
				CLANG_WARN_CONSTANT_CONVERSION = YES;
				CLANG_WARN_DEPRECATED_OBJC_IMPLEMENTATIONS = YES;
				CLANG_WARN_DIRECT_OBJC_ISA_USAGE = YES_ERROR;
				CLANG_WARN_DOCUMENTATION_COMMENTS = YES;
				CLANG_WARN_EMPTY_BODY = YES;
				CLANG_WARN_ENUM_CONVERSION = YES;
				CLANG_WARN_INFINITE_RECURSION = YES;
				CLANG_WARN_INT_CONVERSION = YES;
				CLANG_WARN_NON_LITERAL_NULL_CONVERSION = YES;
				CLANG_WARN_OBJC_IMPLICIT_RETAIN_SELF = YES;
				CLANG_WARN_OBJC_LITERAL_CONVERSION = YES;
				CLANG_WARN_OBJC_ROOT_CLASS = YES_ERROR;
				CLANG_WARN_QUOTED_INCLUDE_IN_FRAMEWORK_HEADER = YES;
				CLANG_WARN_RANGE_LOOP_ANALYSIS = YES;
				CLANG_WARN_STRICT_PROTOTYPES = YES;
				CLANG_WARN_SUSPICIOUS_MOVE = YES;
				CLANG_WARN_UNGUARDED_AVAILABILITY = YES_AGGRESSIVE;
				CLANG_WARN_UNREACHABLE_CODE = YES;
				CLANG_WARN__DUPLICATE_METHOD_MATCH = YES;
				COPY_PHASE_STRIP = NO;
				DEBUG_INFORMATION_FORMAT = dwarf;
				ENABLE_STRICT_OBJC_MSGSEND = YES;
				ENABLE_TESTABILITY = YES;
				GCC_C_LANGUAGE_STANDARD = gnu11;
				GCC_DYNAMIC_NO_PIC = NO;
				GCC_NO_COMMON_BLOCKS = YES;
				GCC_OPTIMIZATION_LEVEL = 0;
				GCC_PREPROCESSOR_DEFINITIONS = (
					"DEBUG=1",
					"$(inherited)",
				);
				GCC_WARN_64_TO_32_BIT_CONVERSION = YES;
				GCC_WARN_ABOUT_RETURN_TYPE = YES_ERROR;
				GCC_WARN_UNDECLARED_SELECTOR = YES;
				GCC_WARN_UNINITIALIZED_AUTOS = YES_AGGRESSIVE;
				GCC_WARN_UNUSED_FUNCTION = YES;
				GCC_WARN_UNUSED_VARIABLE = YES;
				IPHONEOS_DEPLOYMENT_TARGET = 15.2;
				MTL_ENABLE_DEBUG_INFO = INCLUDE_SOURCE;
				MTL_FAST_MATH = YES;
				ONLY_ACTIVE_ARCH = YES;
				SDKROOT = iphoneos;
				SWIFT_ACTIVE_COMPILATION_CONDITIONS = DEBUG;
				SWIFT_OPTIMIZATION_LEVEL = "-Onone";
			};
			name = Debug;
		};
		D19C232D27E9A031008515D2 /* Release */ = {
			isa = XCBuildConfiguration;
			buildSettings = {
				ALWAYS_SEARCH_USER_PATHS = NO;
				CLANG_ANALYZER_NONNULL = YES;
				CLANG_ANALYZER_NUMBER_OBJECT_CONVERSION = YES_AGGRESSIVE;
				CLANG_CXX_LANGUAGE_STANDARD = "gnu++17";
				CLANG_CXX_LIBRARY = "libc++";
				CLANG_ENABLE_MODULES = YES;
				CLANG_ENABLE_OBJC_ARC = YES;
				CLANG_ENABLE_OBJC_WEAK = YES;
				CLANG_WARN_BLOCK_CAPTURE_AUTORELEASING = YES;
				CLANG_WARN_BOOL_CONVERSION = YES;
				CLANG_WARN_COMMA = YES;
				CLANG_WARN_CONSTANT_CONVERSION = YES;
				CLANG_WARN_DEPRECATED_OBJC_IMPLEMENTATIONS = YES;
				CLANG_WARN_DIRECT_OBJC_ISA_USAGE = YES_ERROR;
				CLANG_WARN_DOCUMENTATION_COMMENTS = YES;
				CLANG_WARN_EMPTY_BODY = YES;
				CLANG_WARN_ENUM_CONVERSION = YES;
				CLANG_WARN_INFINITE_RECURSION = YES;
				CLANG_WARN_INT_CONVERSION = YES;
				CLANG_WARN_NON_LITERAL_NULL_CONVERSION = YES;
				CLANG_WARN_OBJC_IMPLICIT_RETAIN_SELF = YES;
				CLANG_WARN_OBJC_LITERAL_CONVERSION = YES;
				CLANG_WARN_OBJC_ROOT_CLASS = YES_ERROR;
				CLANG_WARN_QUOTED_INCLUDE_IN_FRAMEWORK_HEADER = YES;
				CLANG_WARN_RANGE_LOOP_ANALYSIS = YES;
				CLANG_WARN_STRICT_PROTOTYPES = YES;
				CLANG_WARN_SUSPICIOUS_MOVE = YES;
				CLANG_WARN_UNGUARDED_AVAILABILITY = YES_AGGRESSIVE;
				CLANG_WARN_UNREACHABLE_CODE = YES;
				CLANG_WARN__DUPLICATE_METHOD_MATCH = YES;
				COPY_PHASE_STRIP = NO;
				DEBUG_INFORMATION_FORMAT = "dwarf-with-dsym";
				ENABLE_NS_ASSERTIONS = NO;
				ENABLE_STRICT_OBJC_MSGSEND = YES;
				GCC_C_LANGUAGE_STANDARD = gnu11;
				GCC_NO_COMMON_BLOCKS = YES;
				GCC_WARN_64_TO_32_BIT_CONVERSION = YES;
				GCC_WARN_ABOUT_RETURN_TYPE = YES_ERROR;
				GCC_WARN_UNDECLARED_SELECTOR = YES;
				GCC_WARN_UNINITIALIZED_AUTOS = YES_AGGRESSIVE;
				GCC_WARN_UNUSED_FUNCTION = YES;
				GCC_WARN_UNUSED_VARIABLE = YES;
				IPHONEOS_DEPLOYMENT_TARGET = 15.2;
				MTL_ENABLE_DEBUG_INFO = NO;
				MTL_FAST_MATH = YES;
				SDKROOT = iphoneos;
				SWIFT_COMPILATION_MODE = wholemodule;
				SWIFT_OPTIMIZATION_LEVEL = "-O";
				VALIDATE_PRODUCT = YES;
			};
			name = Release;
		};
		D19C232F27E9A031008515D2 /* Debug */ = {
			isa = XCBuildConfiguration;
			buildSettings = {
				ASSETCATALOG_COMPILER_APPICON_NAME = AppIcon;
				ASSETCATALOG_COMPILER_GLOBAL_ACCENT_COLOR_NAME = AccentColor;
				CODE_SIGN_STYLE = Automatic;
				CURRENT_PROJECT_VERSION = 1;
				DEVELOPMENT_TEAM = TXFPK3WSCH;
				GENERATE_INFOPLIST_FILE = YES;
				INFOPLIST_FILE = StreetBasketBallMatchingApp/Info.plist;
				INFOPLIST_KEY_UIApplicationSupportsIndirectInputEvents = YES;
				INFOPLIST_KEY_UILaunchStoryboardName = LaunchScreen;
				INFOPLIST_KEY_UIMainStoryboardFile = Main;
				INFOPLIST_KEY_UISupportedInterfaceOrientations_iPad = "UIInterfaceOrientationPortrait UIInterfaceOrientationPortraitUpsideDown UIInterfaceOrientationLandscapeLeft UIInterfaceOrientationLandscapeRight";
				INFOPLIST_KEY_UISupportedInterfaceOrientations_iPhone = "UIInterfaceOrientationPortrait UIInterfaceOrientationLandscapeLeft UIInterfaceOrientationLandscapeRight";
				LD_RUNPATH_SEARCH_PATHS = (
					"$(inherited)",
					"@executable_path/Frameworks",
				);
				MARKETING_VERSION = 1.0;
				PRODUCT_BUNDLE_IDENTIFIER = SeanCho.StreetBasketBallMatchingApp;
				PRODUCT_NAME = "$(TARGET_NAME)";
				SWIFT_EMIT_LOC_STRINGS = YES;
				SWIFT_VERSION = 5.0;
				TARGETED_DEVICE_FAMILY = "1,2";
			};
			name = Debug;
		};
		D19C233027E9A031008515D2 /* Release */ = {
			isa = XCBuildConfiguration;
			buildSettings = {
				ASSETCATALOG_COMPILER_APPICON_NAME = AppIcon;
				ASSETCATALOG_COMPILER_GLOBAL_ACCENT_COLOR_NAME = AccentColor;
				CODE_SIGN_STYLE = Automatic;
				CURRENT_PROJECT_VERSION = 1;
				DEVELOPMENT_TEAM = TXFPK3WSCH;
				GENERATE_INFOPLIST_FILE = YES;
				INFOPLIST_FILE = StreetBasketBallMatchingApp/Info.plist;
				INFOPLIST_KEY_UIApplicationSupportsIndirectInputEvents = YES;
				INFOPLIST_KEY_UILaunchStoryboardName = LaunchScreen;
				INFOPLIST_KEY_UIMainStoryboardFile = Main;
				INFOPLIST_KEY_UISupportedInterfaceOrientations_iPad = "UIInterfaceOrientationPortrait UIInterfaceOrientationPortraitUpsideDown UIInterfaceOrientationLandscapeLeft UIInterfaceOrientationLandscapeRight";
				INFOPLIST_KEY_UISupportedInterfaceOrientations_iPhone = "UIInterfaceOrientationPortrait UIInterfaceOrientationLandscapeLeft UIInterfaceOrientationLandscapeRight";
				LD_RUNPATH_SEARCH_PATHS = (
					"$(inherited)",
					"@executable_path/Frameworks",
				);
				MARKETING_VERSION = 1.0;
				PRODUCT_BUNDLE_IDENTIFIER = SeanCho.StreetBasketBallMatchingApp;
				PRODUCT_NAME = "$(TARGET_NAME)";
				SWIFT_EMIT_LOC_STRINGS = YES;
				SWIFT_VERSION = 5.0;
				TARGETED_DEVICE_FAMILY = "1,2";
			};
			name = Release;
		};
/* End XCBuildConfiguration section */

/* Begin XCConfigurationList section */
		D19C231227E9A030008515D2 /* Build configuration list for PBXProject "StreetBasketBallMatchingApp" */ = {
			isa = XCConfigurationList;
			buildConfigurations = (
				D19C232C27E9A031008515D2 /* Debug */,
				D19C232D27E9A031008515D2 /* Release */,
			);
			defaultConfigurationIsVisible = 0;
			defaultConfigurationName = Release;
		};
		D19C232E27E9A031008515D2 /* Build configuration list for PBXNativeTarget "StreetBasketBallMatchingApp" */ = {
			isa = XCConfigurationList;
			buildConfigurations = (
				D19C232F27E9A031008515D2 /* Debug */,
				D19C233027E9A031008515D2 /* Release */,
			);
			defaultConfigurationIsVisible = 0;
			defaultConfigurationName = Release;
		};
/* End XCConfigurationList section */

/* Begin XCVersionGroup section */
		D19C232327E9A030008515D2 /* StreetBasketBallMatchingApp.xcdatamodeld */ = {
			isa = XCVersionGroup;
			children = (
				D19C232427E9A030008515D2 /* StreetBasketBallMatchingApp.xcdatamodel */,
			);
			currentVersion = D19C232427E9A030008515D2 /* StreetBasketBallMatchingApp.xcdatamodel */;
			path = StreetBasketBallMatchingApp.xcdatamodeld;
			sourceTree = "<group>";
			versionGroupType = wrapper.xcdatamodel;
		};
/* End XCVersionGroup section */
	};
	rootObject = D19C230F27E9A030008515D2 /* Project object */;
}
